
Microsoft Visual Studio Solution File, Format Version 12.00
# Visual Studio 14
VisualStudioVersion = 14.0.25123.0
MinimumVisualStudioVersion = 10.0.40219.1
Project("{FAE04EC0-301F-11D3-BF4B-00C04F79EFBC}") = "UI", "UI\UI.csproj", "{14D7F003-B242-443E-A7A8-03FE5D81DF58}"
EndProject
Project("{FAE04EC0-301F-11D3-BF4B-00C04F79EFBC}") = "UnitTests", "UnitTests\UnitTests.csproj", "{485549EB-FF39-4D53-9479-854887847490}"
EndProject
Global
	GlobalSection(SolutionConfigurationPlatforms) = preSolution
		Debug|Any CPU = Debug|Any CPU
		Release|Any CPU = Release|Any CPU
	EndGlobalSection
	GlobalSection(ProjectConfigurationPlatforms) = postSolution
		{14D7F003-B242-443E-A7A8-03FE5D81DF58}.Debug|Any CPU.ActiveCfg = Debug|Any CPU
		{14D7F003-B242-443E-A7A8-03FE5D81DF58}.Debug|Any CPU.Build.0 = Debug|Any CPU
		{14D7F003-B242-443E-A7A8-03FE5D81DF58}.Release|Any CPU.ActiveCfg = Release|Any CPU
		{14D7F003-B242-443E-A7A8-03FE5D81DF58}.Release|Any CPU.Build.0 = Release|Any CPU
		{485549EB-FF39-4D53-9479-854887847490}.Debug|Any CPU.ActiveCfg = Debug|Any CPU
		{485549EB-FF39-4D53-9479-854887847490}.Debug|Any CPU.Build.0 = Debug|Any CPU
		{485549EB-FF39-4D53-9479-854887847490}.Release|Any CPU.ActiveCfg = Release|Any CPU
		{485549EB-FF39-4D53-9479-854887847490}.Release|Any CPU.Build.0 = Release|Any CPU
	EndGlobalSection
	GlobalSection(SolutionProperties) = preSolution
		HideSolutionNode = FALSE
	EndGlobalSection
EndGlobal
